// !$*UTF8*$!
{
	archiveVersion = 1;
	classes = {
	};
	objectVersion = 50;
	objects = {

/* Begin PBXBuildFile section */
		404F75C424C21CD800F8411A /* round.swift in Sources */ = {isa = PBXBuildFile; fileRef = 404F75C324C21CD800F8411A /* round.swift */; };
		405525D724C5DFF0002AC1E9 /* FirstCustomTableViewCell.swift in Sources */ = {isa = PBXBuildFile; fileRef = 405525D624C5DFF0002AC1E9 /* FirstCustomTableViewCell.swift */; };
		405525D924C5E31A002AC1E9 /* SecondCustomTableViewCell.swift in Sources */ = {isa = PBXBuildFile; fileRef = 405525D824C5E31A002AC1E9 /* SecondCustomTableViewCell.swift */; };
		405525DC24C607D9002AC1E9 /* News.json in Resources */ = {isa = PBXBuildFile; fileRef = 405525DB24C607D9002AC1E9 /* News.json */; };
		4098DC1B24C07C9B000F56C9 /* AppDelegate.swift in Sources */ = {isa = PBXBuildFile; fileRef = 4098DC1A24C07C9B000F56C9 /* AppDelegate.swift */; };
		4098DC1D24C07C9B000F56C9 /* SceneDelegate.swift in Sources */ = {isa = PBXBuildFile; fileRef = 4098DC1C24C07C9B000F56C9 /* SceneDelegate.swift */; };
		4098DC1F24C07C9B000F56C9 /* ViewController.swift in Sources */ = {isa = PBXBuildFile; fileRef = 4098DC1E24C07C9B000F56C9 /* ViewController.swift */; };
		4098DC2224C07C9B000F56C9 /* Main.storyboard in Resources */ = {isa = PBXBuildFile; fileRef = 4098DC2024C07C9B000F56C9 /* Main.storyboard */; };
		4098DC2424C07C9F000F56C9 /* Assets.xcassets in Resources */ = {isa = PBXBuildFile; fileRef = 4098DC2324C07C9F000F56C9 /* Assets.xcassets */; };
		4098DC2724C07C9F000F56C9 /* LaunchScreen.storyboard in Resources */ = {isa = PBXBuildFile; fileRef = 4098DC2524C07C9F000F56C9 /* LaunchScreen.storyboard */; };
		4098DC3924C08D8E000F56C9 /* ExerciseTableViewCell.swift in Sources */ = {isa = PBXBuildFile; fileRef = 4098DC3824C08D8E000F56C9 /* ExerciseTableViewCell.swift */; };
		4098DC3B24C09283000F56C9 /* ListExerciseViewController.swift in Sources */ = {isa = PBXBuildFile; fileRef = 4098DC3A24C09283000F56C9 /* ListExerciseViewController.swift */; };
		4098DC3D24C0AD3E000F56C9 /* NewsFile.swift in Sources */ = {isa = PBXBuildFile; fileRef = 4098DC3C24C0AD3E000F56C9 /* NewsFile.swift */; };
		40F57AF024C9D61F008950AC /* FullNewsViewController.swift in Sources */ = {isa = PBXBuildFile; fileRef = 40F57AEF24C9D61F008950AC /* FullNewsViewController.swift */; };
		40F57AF224C9DDD6008950AC /* Common.swift in Sources */ = {isa = PBXBuildFile; fileRef = 40F57AF124C9DDD6008950AC /* Common.swift */; };
		7F3AFF27E2F68205C4DC43D8 /* Pods_AppNews.framework in Frameworks */ = {isa = PBXBuildFile; fileRef = D5BF3B13867D9A1BB536B18F /* Pods_AppNews.framework */; };
/* End PBXBuildFile section */

/* Begin PBXFileReference section */
		06CA59241B0094115B3A8660 /* Pods-AppNews.release.xcconfig */ = {isa = PBXFileReference; includeInIndex = 1; lastKnownFileType = text.xcconfig; name = "Pods-AppNews.release.xcconfig"; path = "Target Support Files/Pods-AppNews/Pods-AppNews.release.xcconfig"; sourceTree = "<group>"; };
		404F75C324C21CD800F8411A /* round.swift */ = {isa = PBXFileReference; lastKnownFileType = sourcecode.swift; path = round.swift; sourceTree = "<group>"; };
		405525D624C5DFF0002AC1E9 /* FirstCustomTableViewCell.swift */ = {isa = PBXFileReference; lastKnownFileType = sourcecode.swift; path = FirstCustomTableViewCell.swift; sourceTree = "<group>"; };
		405525D824C5E31A002AC1E9 /* SecondCustomTableViewCell.swift */ = {isa = PBXFileReference; lastKnownFileType = sourcecode.swift; path = SecondCustomTableViewCell.swift; sourceTree = "<group>"; };
		405525DB24C607D9002AC1E9 /* News.json */ = {isa = PBXFileReference; lastKnownFileType = text.json; path = News.json; sourceTree = "<group>"; };
		4098DC1724C07C9B000F56C9 /* AppNews.app */ = {isa = PBXFileReference; explicitFileType = wrapper.application; includeInIndex = 0; path = AppNews.app; sourceTree = BUILT_PRODUCTS_DIR; };
		4098DC1A24C07C9B000F56C9 /* AppDelegate.swift */ = {isa = PBXFileReference; lastKnownFileType = sourcecode.swift; path = AppDelegate.swift; sourceTree = "<group>"; };
		4098DC1C24C07C9B000F56C9 /* SceneDelegate.swift */ = {isa = PBXFileReference; lastKnownFileType = sourcecode.swift; path = SceneDelegate.swift; sourceTree = "<group>"; };
		4098DC1E24C07C9B000F56C9 /* ViewController.swift */ = {isa = PBXFileReference; lastKnownFileType = sourcecode.swift; path = ViewController.swift; sourceTree = "<group>"; };
		4098DC2124C07C9B000F56C9 /* Base */ = {isa = PBXFileReference; lastKnownFileType = file.storyboard; name = Base; path = Base.lproj/Main.storyboard; sourceTree = "<group>"; };
		4098DC2324C07C9F000F56C9 /* Assets.xcassets */ = {isa = PBXFileReference; lastKnownFileType = folder.assetcatalog; path = Assets.xcassets; sourceTree = "<group>"; };
		4098DC2624C07C9F000F56C9 /* Base */ = {isa = PBXFileReference; lastKnownFileType = file.storyboard; name = Base; path = Base.lproj/LaunchScreen.storyboard; sourceTree = "<group>"; };
		4098DC2824C07C9F000F56C9 /* Info.plist */ = {isa = PBXFileReference; lastKnownFileType = text.plist.xml; path = Info.plist; sourceTree = "<group>"; };
		4098DC3824C08D8E000F56C9 /* ExerciseTableViewCell.swift */ = {isa = PBXFileReference; lastKnownFileType = sourcecode.swift; path = ExerciseTableViewCell.swift; sourceTree = "<group>"; };
		4098DC3A24C09283000F56C9 /* ListExerciseViewController.swift */ = {isa = PBXFileReference; lastKnownFileType = sourcecode.swift; path = ListExerciseViewController.swift; sourceTree = "<group>"; };
		4098DC3C24C0AD3E000F56C9 /* NewsFile.swift */ = {isa = PBXFileReference; lastKnownFileType = sourcecode.swift; path = NewsFile.swift; sourceTree = "<group>"; };
		40F57AEF24C9D61F008950AC /* FullNewsViewController.swift */ = {isa = PBXFileReference; lastKnownFileType = sourcecode.swift; path = FullNewsViewController.swift; sourceTree = "<group>"; };
		40F57AF124C9DDD6008950AC /* Common.swift */ = {isa = PBXFileReference; lastKnownFileType = sourcecode.swift; path = Common.swift; sourceTree = "<group>"; };
		9777BF35ED7A8C9E88CBD27C /* Pods-AppNews.debug.xcconfig */ = {isa = PBXFileReference; includeInIndex = 1; lastKnownFileType = text.xcconfig; name = "Pods-AppNews.debug.xcconfig"; path = "Target Support Files/Pods-AppNews/Pods-AppNews.debug.xcconfig"; sourceTree = "<group>"; };
		D5BF3B13867D9A1BB536B18F /* Pods_AppNews.framework */ = {isa = PBXFileReference; explicitFileType = wrapper.framework; includeInIndex = 0; path = Pods_AppNews.framework; sourceTree = BUILT_PRODUCTS_DIR; };
/* End PBXFileReference section */

/* Begin PBXFrameworksBuildPhase section */
		4098DC1424C07C9B000F56C9 /* Frameworks */ = {
			isa = PBXFrameworksBuildPhase;
			buildActionMask = 2147483647;
			files = (
				7F3AFF27E2F68205C4DC43D8 /* Pods_AppNews.framework in Frameworks */,
			);
			runOnlyForDeploymentPostprocessing = 0;
		};
/* End PBXFrameworksBuildPhase section */

/* Begin PBXGroup section */
		404F75C224C21CAF00F8411A /* Util */ = {
			isa = PBXGroup;
			children = (
				404F75C324C21CD800F8411A /* round.swift */,
			);
			name = Util;
			sourceTree = "<group>";
		};
		405525D524C5DF5F002AC1E9 /* Custom TableView Cells */ = {
			isa = PBXGroup;
			children = (
				405525D624C5DFF0002AC1E9 /* FirstCustomTableViewCell.swift */,
				405525D824C5E31A002AC1E9 /* SecondCustomTableViewCell.swift */,
				4098DC3824C08D8E000F56C9 /* ExerciseTableViewCell.swift */,
			);
			name = "Custom TableView Cells";
			sourceTree = "<group>";
		};
		405525DA24C601E3002AC1E9 /* Resources */ = {
			isa = PBXGroup;
			children = (
				405525DB24C607D9002AC1E9 /* News.json */,
			);
			name = Resources;
			sourceTree = "<group>";
		};
		4098DC0E24C07C9B000F56C9 = {
			isa = PBXGroup;
			children = (
				4098DC1924C07C9B000F56C9 /* AppNews */,
				4098DC1824C07C9B000F56C9 /* Products */,
				946330035F59D0064C395D84 /* Pods */,
				7A82F21CCFBF72846D2B3E62 /* Frameworks */,
			);
			sourceTree = "<group>";
		};
		4098DC1824C07C9B000F56C9 /* Products */ = {
			isa = PBXGroup;
			children = (
				4098DC1724C07C9B000F56C9 /* AppNews.app */,
			);
			name = Products;
			sourceTree = "<group>";
		};
		4098DC1924C07C9B000F56C9 /* AppNews */ = {
			isa = PBXGroup;
			children = (
				4098DC2E24C0813D000F56C9 /* Model */,
				405525DA24C601E3002AC1E9 /* Resources */,
				404F75C224C21CAF00F8411A /* Util */,
				4098DC3224C084DF000F56C9 /* ViewController */,
				4098DC3124C084AD000F56C9 /* Supporting Files */,
				4098DC1A24C07C9B000F56C9 /* AppDelegate.swift */,
				4098DC1C24C07C9B000F56C9 /* SceneDelegate.swift */,
			);
			path = AppNews;
			sourceTree = "<group>";
		};
		4098DC2E24C0813D000F56C9 /* Model */ = {
			isa = PBXGroup;
			children = (
				4098DC3C24C0AD3E000F56C9 /* NewsFile.swift */,
			);
			name = Model;
			sourceTree = "<group>";
		};
		4098DC3124C084AD000F56C9 /* Supporting Files */ = {
			isa = PBXGroup;
			children = (
				4098DC3624C0862C000F56C9 /* Common */,
				4098DC2324C07C9F000F56C9 /* Assets.xcassets */,
				4098DC2824C07C9F000F56C9 /* Info.plist */,
			);
			name = "Supporting Files";
			sourceTree = "<group>";
		};
		4098DC3224C084DF000F56C9 /* ViewController */ = {
			isa = PBXGroup;
			children = (
				40F57AEE24C9D521008950AC /* FullNews */,
				4098DC3724C08D63000F56C9 /* Exercise */,
				4098DC3424C08592000F56C9 /* Main */,
				4098DC2024C07C9B000F56C9 /* Main.storyboard */,
				4098DC2524C07C9F000F56C9 /* LaunchScreen.storyboard */,
			);
			name = ViewController;
			sourceTree = "<group>";
		};
		4098DC3424C08592000F56C9 /* Main */ = {
			isa = PBXGroup;
			children = (
				4098DC1E24C07C9B000F56C9 /* ViewController.swift */,
			);
			name = Main;
			sourceTree = "<group>";
		};
		4098DC3624C0862C000F56C9 /* Common */ = {
			isa = PBXGroup;
			children = (
				40F57AF124C9DDD6008950AC /* Common.swift */,
			);
			name = Common;
			sourceTree = "<group>";
		};
		4098DC3724C08D63000F56C9 /* Exercise */ = {
			isa = PBXGroup;
			children = (
				405525D524C5DF5F002AC1E9 /* Custom TableView Cells */,
				4098DC3A24C09283000F56C9 /* ListExerciseViewController.swift */,
			);
			name = Exercise;
			sourceTree = "<group>";
		};
		40F57AEE24C9D521008950AC /* FullNews */ = {
			isa = PBXGroup;
			children = (
				40F57AEF24C9D61F008950AC /* FullNewsViewController.swift */,
			);
			name = FullNews;
			sourceTree = "<group>";
		};
		7A82F21CCFBF72846D2B3E62 /* Frameworks */ = {
			isa = PBXGroup;
			children = (
				D5BF3B13867D9A1BB536B18F /* Pods_AppNews.framework */,
			);
			name = Frameworks;
			sourceTree = "<group>";
		};
		946330035F59D0064C395D84 /* Pods */ = {
			isa = PBXGroup;
			children = (
				9777BF35ED7A8C9E88CBD27C /* Pods-AppNews.debug.xcconfig */,
				06CA59241B0094115B3A8660 /* Pods-AppNews.release.xcconfig */,
			);
			name = Pods;
			path = Pods;
			sourceTree = "<group>";
		};
/* End PBXGroup section */

/* Begin PBXNativeTarget section */
		4098DC1624C07C9B000F56C9 /* AppNews */ = {
			isa = PBXNativeTarget;
			buildConfigurationList = 4098DC2B24C07C9F000F56C9 /* Build configuration list for PBXNativeTarget "AppNews" */;
			buildPhases = (
				D46B208F1732A3C12645CCEE /* [CP] Check Pods Manifest.lock */,
				4098DC1324C07C9B000F56C9 /* Sources */,
				4098DC1424C07C9B000F56C9 /* Frameworks */,
				4098DC1524C07C9B000F56C9 /* Resources */,
				1A5F8AB353610286CA830A8B /* [CP] Embed Pods Frameworks */,
			);
			buildRules = (
			);
			dependencies = (
			);
			name = AppNews;
			productName = AppNews;
			productReference = 4098DC1724C07C9B000F56C9 /* AppNews.app */;
			productType = "com.apple.product-type.application";
		};
/* End PBXNativeTarget section */

/* Begin PBXProject section */
		4098DC0F24C07C9B000F56C9 /* Project object */ = {
			isa = PBXProject;
			attributes = {
				LastSwiftUpdateCheck = 1150;
				LastUpgradeCheck = 1150;
				ORGANIZATIONNAME = "Edgar Alexander";
				TargetAttributes = {
					4098DC1624C07C9B000F56C9 = {
						CreatedOnToolsVersion = 11.5;
					};
				};
			};
			buildConfigurationList = 4098DC1224C07C9B000F56C9 /* Build configuration list for PBXProject "AppNews" */;
			compatibilityVersion = "Xcode 9.3";
			developmentRegion = en;
			hasScannedForEncodings = 0;
			knownRegions = (
				en,
				Base,
			);
			mainGroup = 4098DC0E24C07C9B000F56C9;
			productRefGroup = 4098DC1824C07C9B000F56C9 /* Products */;
			projectDirPath = "";
			projectRoot = "";
			targets = (
				4098DC1624C07C9B000F56C9 /* AppNews */,
			);
		};
/* End PBXProject section */

/* Begin PBXResourcesBuildPhase section */
		4098DC1524C07C9B000F56C9 /* Resources */ = {
			isa = PBXResourcesBuildPhase;
			buildActionMask = 2147483647;
			files = (
				405525DC24C607D9002AC1E9 /* News.json in Resources */,
				4098DC2724C07C9F000F56C9 /* LaunchScreen.storyboard in Resources */,
				4098DC2424C07C9F000F56C9 /* Assets.xcassets in Resources */,
				4098DC2224C07C9B000F56C9 /* Main.storyboard in Resources */,
			);
			runOnlyForDeploymentPostprocessing = 0;
		};
/* End PBXResourcesBuildPhase section */

/* Begin PBXShellScriptBuildPhase section */
		1A5F8AB353610286CA830A8B /* [CP] Embed Pods Frameworks */ = {
			isa = PBXShellScriptBuildPhase;
			buildActionMask = 2147483647;
			files = (
			);
			inputFileListPaths = (
				"${PODS_ROOT}/Target Support Files/Pods-AppNews/Pods-AppNews-frameworks-${CONFIGURATION}-input-files.xcfilelist",
			);
			name = "[CP] Embed Pods Frameworks";
			outputFileListPaths = (
				"${PODS_ROOT}/Target Support Files/Pods-AppNews/Pods-AppNews-frameworks-${CONFIGURATION}-output-files.xcfilelist",
			);
			runOnlyForDeploymentPostprocessing = 0;
			shellPath = /bin/sh;
			shellScript = "\"${PODS_ROOT}/Target Support Files/Pods-AppNews/Pods-AppNews-frameworks.sh\"\n";
			showEnvVarsInLog = 0;
		};
		D46B208F1732A3C12645CCEE /* [CP] Check Pods Manifest.lock */ = {
			isa = PBXShellScriptBuildPhase;
			buildActionMask = 2147483647;
			files = (
			);
			inputFileListPaths = (
			);
			inputPaths = (
				"${PODS_PODFILE_DIR_PATH}/Podfile.lock",
				"${PODS_ROOT}/Manifest.lock",
			);
			name = "[CP] Check Pods Manifest.lock";
			outputFileListPaths = (
			);
			outputPaths = (
				"$(DERIVED_FILE_DIR)/Pods-AppNews-checkManifestLockResult.txt",
			);
			runOnlyForDeploymentPostprocessing = 0;
			shellPath = /bin/sh;
			shellScript = "diff \"${PODS_PODFILE_DIR_PATH}/Podfile.lock\" \"${PODS_ROOT}/Manifest.lock\" > /dev/null\nif [ $? != 0 ] ; then\n    # print error to STDERR\n    echo \"error: The sandbox is not in sync with the Podfile.lock. Run 'pod install' or update your CocoaPods installation.\" >&2\n    exit 1\nfi\n# This output is used by Xcode 'outputs' to avoid re-running this script phase.\necho \"SUCCESS\" > \"${SCRIPT_OUTPUT_FILE_0}\"\n";
			showEnvVarsInLog = 0;
		};
/* End PBXShellScriptBuildPhase section */

/* Begin PBXSourcesBuildPhase section */
		4098DC1324C07C9B000F56C9 /* Sources */ = {
			isa = PBXSourcesBuildPhase;
			buildActionMask = 2147483647;
			files = (
				4098DC1F24C07C9B000F56C9 /* ViewController.swift in Sources */,
				404F75C424C21CD800F8411A /* round.swift in Sources */,
				4098DC3924C08D8E000F56C9 /* ExerciseTableViewCell.swift in Sources */,
				4098DC3D24C0AD3E000F56C9 /* NewsFile.swift in Sources */,
				40F57AF224C9DDD6008950AC /* Common.swift in Sources */,
				4098DC1B24C07C9B000F56C9 /* AppDelegate.swift in Sources */,
				405525D724C5DFF0002AC1E9 /* FirstCustomTableViewCell.swift in Sources */,
				40F57AF024C9D61F008950AC /* FullNewsViewController.swift in Sources */,
				4098DC1D24C07C9B000F56C9 /* SceneDelegate.swift in Sources */,
				405525D924C5E31A002AC1E9 /* SecondCustomTableViewCell.swift in Sources */,
				4098DC3B24C09283000F56C9 /* ListExerciseViewController.swift in Sources */,
			);
			runOnlyForDeploymentPostprocessing = 0;
		};
/* End PBXSourcesBuildPhase section */

/* Begin PBXVariantGroup section */
		4098DC2024C07C9B000F56C9 /* Main.storyboard */ = {
			isa = PBXVariantGroup;
			children = (
				4098DC2124C07C9B000F56C9 /* Base */,
			);
			name = Main.storyboard;
			sourceTree = "<group>";
		};
		4098DC2524C07C9F000F56C9 /* LaunchScreen.storyboard */ = {
			isa = PBXVariantGroup;
			children = (
				4098DC2624C07C9F000F56C9 /* Base */,
			);
			name = LaunchScreen.storyboard;
			sourceTree = "<group>";
		};
/* End PBXVariantGroup section */

/* Begin XCBuildConfiguration section */
		4098DC2924C07C9F000F56C9 /* Debug */ = {
			isa = XCBuildConfiguration;
			buildSettings = {
				ALWAYS_SEARCH_USER_PATHS = NO;
				CLANG_ANALYZER_NONNULL = YES;
				CLANG_ANALYZER_NUMBER_OBJECT_CONVERSION = YES_AGGRESSIVE;
				CLANG_CXX_LANGUAGE_STANDARD = "gnu++14";
				CLANG_CXX_LIBRARY = "libc++";
				CLANG_ENABLE_MODULES = YES;
				CLANG_ENABLE_OBJC_ARC = YES;
				CLANG_ENABLE_OBJC_WEAK = YES;
				CLANG_WARN_BLOCK_CAPTURE_AUTORELEASING = YES;
				CLANG_WARN_BOOL_CONVERSION = YES;
				CLANG_WARN_COMMA = YES;
				CLANG_WARN_CONSTANT_CONVERSION = YES;
				CLANG_WARN_DEPRECATED_OBJC_IMPLEMENTATIONS = YES;
				CLANG_WARN_DIRECT_OBJC_ISA_USAGE = YES_ERROR;
				CLANG_WARN_DOCUMENTATION_COMMENTS = YES;
				CLANG_WARN_EMPTY_BODY = YES;
				CLANG_WARN_ENUM_CONVERSION = YES;
				CLANG_WARN_INFINITE_RECURSION = YES;
				CLANG_WARN_INT_CONVERSION = YES;
				CLANG_WARN_NON_LITERAL_NULL_CONVERSION = YES;
				CLANG_WARN_OBJC_IMPLICIT_RETAIN_SELF = YES;
				CLANG_WARN_OBJC_LITERAL_CONVERSION = YES;
				CLANG_WARN_OBJC_ROOT_CLASS = YES_ERROR;
				CLANG_WARN_RANGE_LOOP_ANALYSIS = YES;
				CLANG_WARN_STRICT_PROTOTYPES = YES;
				CLANG_WARN_SUSPICIOUS_MOVE = YES;
				CLANG_WARN_UNGUARDED_AVAILABILITY = YES_AGGRESSIVE;
				CLANG_WARN_UNREACHABLE_CODE = YES;
				CLANG_WARN__DUPLICATE_METHOD_MATCH = YES;
				COPY_PHASE_STRIP = NO;
				DEBUG_INFORMATION_FORMAT = dwarf;
				ENABLE_STRICT_OBJC_MSGSEND = YES;
				ENABLE_TESTABILITY = YES;
				GCC_C_LANGUAGE_STANDARD = gnu11;
				GCC_DYNAMIC_NO_PIC = NO;
				GCC_NO_COMMON_BLOCKS = YES;
				GCC_OPTIMIZATION_LEVEL = 0;
				GCC_PREPROCESSOR_DEFINITIONS = (
					"DEBUG=1",
					"$(inherited)",
				);
				GCC_WARN_64_TO_32_BIT_CONVERSION = YES;
				GCC_WARN_ABOUT_RETURN_TYPE = YES_ERROR;
				GCC_WARN_UNDECLARED_SELECTOR = YES;
				GCC_WARN_UNINITIALIZED_AUTOS = YES_AGGRESSIVE;
				GCC_WARN_UNUSED_FUNCTION = YES;
				GCC_WARN_UNUSED_VARIABLE = YES;
				IPHONEOS_DEPLOYMENT_TARGET = 13.5;
				MTL_ENABLE_DEBUG_INFO = INCLUDE_SOURCE;
				MTL_FAST_MATH = YES;
				ONLY_ACTIVE_ARCH = YES;
				SDKROOT = iphoneos;
				SWIFT_ACTIVE_COMPILATION_CONDITIONS = DEBUG;
				SWIFT_OPTIMIZATION_LEVEL = "-Onone";
			};
			name = Debug;
		};
		4098DC2A24C07C9F000F56C9 /* Release */ = {
			isa = XCBuildConfiguration;
			buildSettings = {
				ALWAYS_SEARCH_USER_PATHS = NO;
				CLANG_ANALYZER_NONNULL = YES;
				CLANG_ANALYZER_NUMBER_OBJECT_CONVERSION = YES_AGGRESSIVE;
				CLANG_CXX_LANGUAGE_STANDARD = "gnu++14";
				CLANG_CXX_LIBRARY = "libc++";
				CLANG_ENABLE_MODULES = YES;
				CLANG_ENABLE_OBJC_ARC = YES;
				CLANG_ENABLE_OBJC_WEAK = YES;
				CLANG_WARN_BLOCK_CAPTURE_AUTORELEASING = YES;
				CLANG_WARN_BOOL_CONVERSION = YES;
				CLANG_WARN_COMMA = YES;
				CLANG_WARN_CONSTANT_CONVERSION = YES;
				CLANG_WARN_DEPRECATED_OBJC_IMPLEMENTATIONS = YES;
				CLANG_WARN_DIRECT_OBJC_ISA_USAGE = YES_ERROR;
				CLANG_WARN_DOCUMENTATION_COMMENTS = YES;
				CLANG_WARN_EMPTY_BODY = YES;
				CLANG_WARN_ENUM_CONVERSION = YES;
				CLANG_WARN_INFINITE_RECURSION = YES;
				CLANG_WARN_INT_CONVERSION = YES;
				CLANG_WARN_NON_LITERAL_NULL_CONVERSION = YES;
				CLANG_WARN_OBJC_IMPLICIT_RETAIN_SELF = YES;
				CLANG_WARN_OBJC_LITERAL_CONVERSION = YES;
				CLANG_WARN_OBJC_ROOT_CLASS = YES_ERROR;
				CLANG_WARN_RANGE_LOOP_ANALYSIS = YES;
				CLANG_WARN_STRICT_PROTOTYPES = YES;
				CLANG_WARN_SUSPICIOUS_MOVE = YES;
				CLANG_WARN_UNGUARDED_AVAILABILITY = YES_AGGRESSIVE;
				CLANG_WARN_UNREACHABLE_CODE = YES;
				CLANG_WARN__DUPLICATE_METHOD_MATCH = YES;
				COPY_PHASE_STRIP = NO;
				DEBUG_INFORMATION_FORMAT = "dwarf-with-dsym";
				ENABLE_NS_ASSERTIONS = NO;
				ENABLE_STRICT_OBJC_MSGSEND = YES;
				GCC_C_LANGUAGE_STANDARD = gnu11;
				GCC_NO_COMMON_BLOCKS = YES;
				GCC_WARN_64_TO_32_BIT_CONVERSION = YES;
				GCC_WARN_ABOUT_RETURN_TYPE = YES_ERROR;
				GCC_WARN_UNDECLARED_SELECTOR = YES;
				GCC_WARN_UNINITIALIZED_AUTOS = YES_AGGRESSIVE;
				GCC_WARN_UNUSED_FUNCTION = YES;
				GCC_WARN_UNUSED_VARIABLE = YES;
				IPHONEOS_DEPLOYMENT_TARGET = 13.5;
				MTL_ENABLE_DEBUG_INFO = NO;
				MTL_FAST_MATH = YES;
				SDKROOT = iphoneos;
				SWIFT_COMPILATION_MODE = wholemodule;
				SWIFT_OPTIMIZATION_LEVEL = "-O";
				VALIDATE_PRODUCT = YES;
			};
			name = Release;
		};
		4098DC2C24C07C9F000F56C9 /* Debug */ = {
			isa = XCBuildConfiguration;
			baseConfigurationReference = 9777BF35ED7A8C9E88CBD27C /* Pods-AppNews.debug.xcconfig */;
			buildSettings = {
				ASSETCATALOG_COMPILER_APPICON_NAME = AppIcon;
				CODE_SIGN_STYLE = Automatic;
				DEVELOPMENT_TEAM = T6YGQ5P292;
				INFOPLIST_FILE = AppNews/Info.plist;
				LD_RUNPATH_SEARCH_PATHS = (
					"$(inherited)",
					"@executable_path/Frameworks",
				);
				PRODUCT_BUNDLE_IDENTIFIER = com.alex.AppNews;
				PRODUCT_NAME = "$(TARGET_NAME)";
				SWIFT_VERSION = 5.0;
				TARGETED_DEVICE_FAMILY = "1,2";
			};
			name = Debug;
		};
		4098DC2D24C07C9F000F56C9 /* Release */ = {
			isa = XCBuildConfiguration;
			baseConfigurationReference = 06CA59241B0094115B3A8660 /* Pods-AppNews.release.xcconfig */;
			buildSettings = {
				ASSETCATALOG_COMPILER_APPICON_NAME = AppIcon;
				CODE_SIGN_STYLE = Automatic;
				DEVELOPMENT_TEAM = T6YGQ5P292;
				INFOPLIST_FILE = AppNews/Info.plist;
				LD_RUNPATH_SEARCH_PATHS = (
					"$(inherited)",
					"@executable_path/Frameworks",
				);
				PRODUCT_BUNDLE_IDENTIFIER = com.alex.AppNews;
				PRODUCT_NAME = "$(TARGET_NAME)";
				SWIFT_VERSION = 5.0;
				TARGETED_DEVICE_FAMILY = "1,2";
			};
			name = Release;
		};
/* End XCBuildConfiguration section */

/* Begin XCConfigurationList section */
		4098DC1224C07C9B000F56C9 /* Build configuration list for PBXProject "AppNews" */ = {
			isa = XCConfigurationList;
			buildConfigurations = (
				4098DC2924C07C9F000F56C9 /* Debug */,
				4098DC2A24C07C9F000F56C9 /* Release */,
			);
			defaultConfigurationIsVisible = 0;
			defaultConfigurationName = Release;
		};
		4098DC2B24C07C9F000F56C9 /* Build configuration list for PBXNativeTarget "AppNews" */ = {
			isa = XCConfigurationList;
			buildConfigurations = (
				4098DC2C24C07C9F000F56C9 /* Debug */,
				4098DC2D24C07C9F000F56C9 /* Release */,
			);
			defaultConfigurationIsVisible = 0;
			defaultConfigurationName = Release;
		};
/* End XCConfigurationList section */
	};
	rootObject = 4098DC0F24C07C9B000F56C9 /* Project object */;
}
